lockfileVersion: '9.0'

settings:
  autoInstallPeers: true
  excludeLinksFromLockfile: false

importers:

  .:
    dependencies:
      '@fortawesome/fontawesome-pro':
        specifier: ^7.1.0
        version: 7.1.0

packages:

  '@fortawesome/fontawesome-pro@7.1.0':
    resolution: {integrity: sha512-+UQYoUEJjsIpMFolIs/dBpy4j9L6QRrD041dL0zzHxdSXeEZqJ8EGzmW9Qsrb4bXePxOoa2vY/QSEre2flsJ3w==}
    engines: {node: '>=6'}

snapshots:

  '@fortawesome/fontawesome-pro@7.1.0': {}
