# THIS IS AN AUTOGENERATED FILE. DO NOT EDIT THIS FILE DIRECTLY.
# yarn lockfile v1


"@fortawesome/fontawesome-pro@^5.13.0":
  version "5.15.1"
  resolved "https://npm.fontawesome.com/@fortawesome/fontawesome-pro/-/5.15.1/fontawesome-pro-5.15.1.tgz#5425f001b4d4c73cac5859083a684c50f011dba2"
  integrity sha512-6bQonxTtpPDn/38y0vC76XAiIKqCII7EWILc1kKcOMEjjOUv67IwLMz3A9iFdfFrR1BCvXKf60ScmX3G8LU7Pw==
